
Microsoft Visual Studio Solution File, Format Version 12.00
# Visual Studio Express 2012 for Windows Phone
Project("{FAE04EC0-301F-11D3-BF4B-00C04F79EFBC}") = "Bottle", "Bottle\Bottle.csproj", "{FAF94B3C-5A9E-404E-9E9D-6621C8313DD9}"
EndProject
Project("{FAE04EC0-301F-11D3-BF4B-00C04F79EFBC}") = "Bottle.Repository", "Bottle.Repository\Bottle.Repository.csproj", "{C0FD20CE-CB7A-4FA4-B0DC-47F16904C867}"
EndProject
Project("{FAE04EC0-301F-11D3-BF4B-00C04F79EFBC}") = "Bottle.Entities", "Bottle.Entities\Bottle.Entities.csproj", "{320C9A35-6C78-4069-A728-D9C818506BDD}"
EndProject
Project("{FAE04EC0-301F-11D3-BF4B-00C04F79EFBC}") = "Bottle7", "Bottle7\Bottle7.csproj", "{8EB7AAD9-6D65-4B4E-AC86-37F57D335FD5}"
EndProject
Global
	GlobalSection(SolutionConfigurationPlatforms) = preSolution
		Debug|Any CPU = Debug|Any CPU
		Debug|ARM = Debug|ARM
		Debug|x86 = Debug|x86
		Release|Any CPU = Release|Any CPU
		Release|ARM = Release|ARM
		Release|x86 = Release|x86
	EndGlobalSection
	GlobalSection(ProjectConfigurationPlatforms) = postSolution
		{FAF94B3C-5A9E-404E-9E9D-6621C8313DD9}.Debug|Any CPU.ActiveCfg = Debug|Any CPU
		{FAF94B3C-5A9E-404E-9E9D-6621C8313DD9}.Debug|Any CPU.Build.0 = Debug|Any CPU
		{FAF94B3C-5A9E-404E-9E9D-6621C8313DD9}.Debug|Any CPU.Deploy.0 = Debug|Any CPU
		{FAF94B3C-5A9E-404E-9E9D-6621C8313DD9}.Debug|ARM.ActiveCfg = Debug|ARM
		{FAF94B3C-5A9E-404E-9E9D-6621C8313DD9}.Debug|ARM.Build.0 = Debug|ARM
		{FAF94B3C-5A9E-404E-9E9D-6621C8313DD9}.Debug|ARM.Deploy.0 = Debug|ARM
		{FAF94B3C-5A9E-404E-9E9D-6621C8313DD9}.Debug|x86.ActiveCfg = Debug|x86
		{FAF94B3C-5A9E-404E-9E9D-6621C8313DD9}.Debug|x86.Build.0 = Debug|x86
		{FAF94B3C-5A9E-404E-9E9D-6621C8313DD9}.Debug|x86.Deploy.0 = Debug|x86
		{FAF94B3C-5A9E-404E-9E9D-6621C8313DD9}.Release|Any CPU.ActiveCfg = Release|Any CPU
		{FAF94B3C-5A9E-404E-9E9D-6621C8313DD9}.Release|Any CPU.Build.0 = Release|Any CPU
		{FAF94B3C-5A9E-404E-9E9D-6621C8313DD9}.Release|Any CPU.Deploy.0 = Release|Any CPU
		{FAF94B3C-5A9E-404E-9E9D-6621C8313DD9}.Release|ARM.ActiveCfg = Release|ARM
		{FAF94B3C-5A9E-404E-9E9D-6621C8313DD9}.Release|ARM.Build.0 = Release|ARM
		{FAF94B3C-5A9E-404E-9E9D-6621C8313DD9}.Release|ARM.Deploy.0 = Release|ARM
		{FAF94B3C-5A9E-404E-9E9D-6621C8313DD9}.Release|x86.ActiveCfg = Release|x86
		{FAF94B3C-5A9E-404E-9E9D-6621C8313DD9}.Release|x86.Build.0 = Release|x86
		{FAF94B3C-5A9E-404E-9E9D-6621C8313DD9}.Release|x86.Deploy.0 = Release|x86
		{C0FD20CE-CB7A-4FA4-B0DC-47F16904C867}.Debug|Any CPU.ActiveCfg = Debug|Any CPU
		{C0FD20CE-CB7A-4FA4-B0DC-47F16904C867}.Debug|Any CPU.Build.0 = Debug|Any CPU
		{C0FD20CE-CB7A-4FA4-B0DC-47F16904C867}.Debug|ARM.ActiveCfg = Debug|ARM
		{C0FD20CE-CB7A-4FA4-B0DC-47F16904C867}.Debug|ARM.Build.0 = Debug|ARM
		{C0FD20CE-CB7A-4FA4-B0DC-47F16904C867}.Debug|x86.ActiveCfg = Debug|x86
		{C0FD20CE-CB7A-4FA4-B0DC-47F16904C867}.Debug|x86.Build.0 = Debug|x86
		{C0FD20CE-CB7A-4FA4-B0DC-47F16904C867}.Release|Any CPU.ActiveCfg = Release|Any CPU
		{C0FD20CE-CB7A-4FA4-B0DC-47F16904C867}.Release|Any CPU.Build.0 = Release|Any CPU
		{C0FD20CE-CB7A-4FA4-B0DC-47F16904C867}.Release|ARM.ActiveCfg = Release|ARM
		{C0FD20CE-CB7A-4FA4-B0DC-47F16904C867}.Release|ARM.Build.0 = Release|ARM
		{C0FD20CE-CB7A-4FA4-B0DC-47F16904C867}.Release|x86.ActiveCfg = Release|x86
		{C0FD20CE-CB7A-4FA4-B0DC-47F16904C867}.Release|x86.Build.0 = Release|x86
		{320C9A35-6C78-4069-A728-D9C818506BDD}.Debug|Any CPU.ActiveCfg = Debug|Any CPU
		{320C9A35-6C78-4069-A728-D9C818506BDD}.Debug|Any CPU.Build.0 = Debug|Any CPU
		{320C9A35-6C78-4069-A728-D9C818506BDD}.Debug|ARM.ActiveCfg = Debug|ARM
		{320C9A35-6C78-4069-A728-D9C818506BDD}.Debug|ARM.Build.0 = Debug|ARM
		{320C9A35-6C78-4069-A728-D9C818506BDD}.Debug|x86.ActiveCfg = Debug|x86
		{320C9A35-6C78-4069-A728-D9C818506BDD}.Debug|x86.Build.0 = Debug|x86
		{320C9A35-6C78-4069-A728-D9C818506BDD}.Release|Any CPU.ActiveCfg = Release|Any CPU
		{320C9A35-6C78-4069-A728-D9C818506BDD}.Release|Any CPU.Build.0 = Release|Any CPU
		{320C9A35-6C78-4069-A728-D9C818506BDD}.Release|ARM.ActiveCfg = Release|ARM
		{320C9A35-6C78-4069-A728-D9C818506BDD}.Release|ARM.Build.0 = Release|ARM
		{320C9A35-6C78-4069-A728-D9C818506BDD}.Release|x86.ActiveCfg = Release|x86
		{320C9A35-6C78-4069-A728-D9C818506BDD}.Release|x86.Build.0 = Release|x86
		{8EB7AAD9-6D65-4B4E-AC86-37F57D335FD5}.Debug|Any CPU.ActiveCfg = Debug|Any CPU
		{8EB7AAD9-6D65-4B4E-AC86-37F57D335FD5}.Debug|Any CPU.Build.0 = Debug|Any CPU
		{8EB7AAD9-6D65-4B4E-AC86-37F57D335FD5}.Debug|Any CPU.Deploy.0 = Debug|Any CPU
		{8EB7AAD9-6D65-4B4E-AC86-37F57D335FD5}.Debug|ARM.ActiveCfg = Debug|Any CPU
		{8EB7AAD9-6D65-4B4E-AC86-37F57D335FD5}.Debug|x86.ActiveCfg = Debug|Any CPU
		{8EB7AAD9-6D65-4B4E-AC86-37F57D335FD5}.Release|Any CPU.ActiveCfg = Release|Any CPU
		{8EB7AAD9-6D65-4B4E-AC86-37F57D335FD5}.Release|Any CPU.Build.0 = Release|Any CPU
		{8EB7AAD9-6D65-4B4E-AC86-37F57D335FD5}.Release|Any CPU.Deploy.0 = Release|Any CPU
		{8EB7AAD9-6D65-4B4E-AC86-37F57D335FD5}.Release|ARM.ActiveCfg = Release|Any CPU
		{8EB7AAD9-6D65-4B4E-AC86-37F57D335FD5}.Release|x86.ActiveCfg = Release|Any CPU
	EndGlobalSection
	GlobalSection(SolutionProperties) = preSolution
		HideSolutionNode = FALSE
	EndGlobalSection
EndGlobal
